
Microsoft Visual Studio Solution File, Format Version 12.00
# Visual Studio 15
VisualStudioVersion = 15.0.28307.106
MinimumVisualStudioVersion = 10.0.40219.1
Project("{FAE04EC0-301F-11D3-BF4B-00C04F79EFBC}") = "SalesWebMVC", "SalesWebMVC\SalesWebMVC.csproj", "{C24F911D-5019-4C87-ABFB-767FA95BA3C9}"
EndProject
Global
	GlobalSection(SolutionConfigurationPlatforms) = preSolution
		Debug|Any CPU = Debug|Any CPU
		Release|Any CPU = Release|Any CPU
	EndGlobalSection
	GlobalSection(ProjectConfigurationPlatforms) = postSolution
		{C24F911D-5019-4C87-ABFB-767FA95BA3C9}.Debug|Any CPU.ActiveCfg = Debug|Any CPU
		{C24F911D-5019-4C87-ABFB-767FA95BA3C9}.Debug|Any CPU.Build.0 = Debug|Any CPU
		{C24F911D-5019-4C87-ABFB-767FA95BA3C9}.Release|Any CPU.ActiveCfg = Release|Any CPU
		{C24F911D-5019-4C87-ABFB-767FA95BA3C9}.Release|Any CPU.Build.0 = Release|Any CPU
	EndGlobalSection
	GlobalSection(SolutionProperties) = preSolution
		HideSolutionNode = FALSE
	EndGlobalSection
	GlobalSection(ExtensibilityGlobals) = postSolution
		SolutionGuid = {AF72198A-4510-4E93-841E-520D3486A3C1}
	EndGlobalSection
EndGlobal
